
Microsoft Visual Studio Solution File, Format Version 12.00
# Visual Studio Version 17
VisualStudioVersion = 17.0.31912.275
MinimumVisualStudioVersion = 10.0.40219.1
Project("{9A19103F-16F7-4668-BE54-9A1E7A4F7556}") = "AcornSat.Analyser", "AcornSat.Analyser\AcornSat.Analyser.csproj", "{3E1C678A-776B-4D7E-B6F2-FCE053E94242}"
EndProject
Project("{9A19103F-16F7-4668-BE54-9A1E7A4F7556}") = "AcornSat.WebApi", "AcornSat.WebApi\AcornSat.WebApi.csproj", "{BE5779FD-C685-4561-9C1F-ABFEDD1AC2A9}"
EndProject
Project("{9A19103F-16F7-4668-BE54-9A1E7A4F7556}") = "AcornSat.Core", "AcornSat.Core\AcornSat.Core.csproj", "{8A1367EB-B947-4A4D-8E35-B7832551846B}"
EndProject
Project("{9A19103F-16F7-4668-BE54-9A1E7A4F7556}") = "AcornSat.Visualiser", "AcornSat.Visualiser\AcornSat.Visualiser.csproj", "{C7817987-8CB5-48E7-8914-AEEDB97F7A34}"
EndProject
Project("{9A19103F-16F7-4668-BE54-9A1E7A4F7556}") = "AcornSat.UnitTests", "AcornSat.UnitTests\AcornSat.UnitTests.csproj", "{2BC0FB94-966B-436B-A656-4D76FDD5BA47}"
EndProject
Project("{2150E333-8FDC-42A3-9474-1A3956D46DE8}") = "Solution Items", "Solution Items", "{06FA87FF-8DA0-495C-920B-595F8A2F43FB}"
	ProjectSection(SolutionItems) = preProject
		README.md = README.md
	EndProjectSection
EndProject
Global
	GlobalSection(SolutionConfigurationPlatforms) = preSolution
		Debug|Any CPU = Debug|Any CPU
		Release|Any CPU = Release|Any CPU
	EndGlobalSection
	GlobalSection(ProjectConfigurationPlatforms) = postSolution
		{3E1C678A-776B-4D7E-B6F2-FCE053E94242}.Debug|Any CPU.ActiveCfg = Debug|Any CPU
		{3E1C678A-776B-4D7E-B6F2-FCE053E94242}.Debug|Any CPU.Build.0 = Debug|Any CPU
		{3E1C678A-776B-4D7E-B6F2-FCE053E94242}.Release|Any CPU.ActiveCfg = Release|Any CPU
		{3E1C678A-776B-4D7E-B6F2-FCE053E94242}.Release|Any CPU.Build.0 = Release|Any CPU
		{BE5779FD-C685-4561-9C1F-ABFEDD1AC2A9}.Debug|Any CPU.ActiveCfg = Debug|Any CPU
		{BE5779FD-C685-4561-9C1F-ABFEDD1AC2A9}.Debug|Any CPU.Build.0 = Debug|Any CPU
		{BE5779FD-C685-4561-9C1F-ABFEDD1AC2A9}.Release|Any CPU.ActiveCfg = Release|Any CPU
		{BE5779FD-C685-4561-9C1F-ABFEDD1AC2A9}.Release|Any CPU.Build.0 = Release|Any CPU
		{8A1367EB-B947-4A4D-8E35-B7832551846B}.Debug|Any CPU.ActiveCfg = Debug|Any CPU
		{8A1367EB-B947-4A4D-8E35-B7832551846B}.Debug|Any CPU.Build.0 = Debug|Any CPU
		{8A1367EB-B947-4A4D-8E35-B7832551846B}.Release|Any CPU.ActiveCfg = Release|Any CPU
		{8A1367EB-B947-4A4D-8E35-B7832551846B}.Release|Any CPU.Build.0 = Release|Any CPU
		{C7817987-8CB5-48E7-8914-AEEDB97F7A34}.Debug|Any CPU.ActiveCfg = Debug|Any CPU
		{C7817987-8CB5-48E7-8914-AEEDB97F7A34}.Debug|Any CPU.Build.0 = Debug|Any CPU
		{C7817987-8CB5-48E7-8914-AEEDB97F7A34}.Release|Any CPU.ActiveCfg = Release|Any CPU
		{C7817987-8CB5-48E7-8914-AEEDB97F7A34}.Release|Any CPU.Build.0 = Release|Any CPU
		{2BC0FB94-966B-436B-A656-4D76FDD5BA47}.Debug|Any CPU.ActiveCfg = Debug|Any CPU
		{2BC0FB94-966B-436B-A656-4D76FDD5BA47}.Debug|Any CPU.Build.0 = Debug|Any CPU
		{2BC0FB94-966B-436B-A656-4D76FDD5BA47}.Release|Any CPU.ActiveCfg = Release|Any CPU
		{2BC0FB94-966B-436B-A656-4D76FDD5BA47}.Release|Any CPU.Build.0 = Release|Any CPU
	EndGlobalSection
	GlobalSection(SolutionProperties) = preSolution
		HideSolutionNode = FALSE
	EndGlobalSection
	GlobalSection(ExtensibilityGlobals) = postSolution
		SolutionGuid = {4F67DF1E-4405-495A-9FC1-1408F179D95C}
	EndGlobalSection
EndGlobal
