
Microsoft Visual Studio Solution File, Format Version 12.00
# Visual Studio Version 17
VisualStudioVersion = 17.0.31912.275
MinimumVisualStudioVersion = 10.0.40219.1
Project("{FAE04EC0-301F-11D3-BF4B-00C04F79EFBC}") = "AcornSatAnalyser", "AcornSatAnalyser\AcornSatAnalyser.csproj", "{3E1C678A-776B-4D7E-B6F2-FCE053E94242}"
EndProject
Global
	GlobalSection(SolutionConfigurationPlatforms) = preSolution
		Debug|Any CPU = Debug|Any CPU
		Release|Any CPU = Release|Any CPU
	EndGlobalSection
	GlobalSection(ProjectConfigurationPlatforms) = postSolution
		{3E1C678A-776B-4D7E-B6F2-FCE053E94242}.Debug|Any CPU.ActiveCfg = Debug|Any CPU
		{3E1C678A-776B-4D7E-B6F2-FCE053E94242}.Debug|Any CPU.Build.0 = Debug|Any CPU
		{3E1C678A-776B-4D7E-B6F2-FCE053E94242}.Release|Any CPU.ActiveCfg = Release|Any CPU
		{3E1C678A-776B-4D7E-B6F2-FCE053E94242}.Release|Any CPU.Build.0 = Release|Any CPU
	EndGlobalSection
	GlobalSection(SolutionProperties) = preSolution
		HideSolutionNode = FALSE
	EndGlobalSection
	GlobalSection(ExtensibilityGlobals) = postSolution
		SolutionGuid = {4F67DF1E-4405-495A-9FC1-1408F179D95C}
	EndGlobalSection
EndGlobal
