
Microsoft Visual Studio Solution File, Format Version 12.00
# Visual Studio Version 17
VisualStudioVersion = 17.0.31912.275
MinimumVisualStudioVersion = 10.0.40219.1
Project("{9A19103F-16F7-4668-BE54-9A1E7A4F7556}") = "ClimateExplorer.Analyser", "ClimateExplorer.Data.Misc\ClimateExplorer.Data.Misc.csproj", "{3E1C678A-776B-4D7E-B6F2-FCE053E94242}"
EndProject
Project("{9A19103F-16F7-4668-BE54-9A1E7A4F7556}") = "ClimateExplorer.WebApi", "ClimateExplorer.WebApi\ClimateExplorer.WebApi.csproj", "{BE5779FD-C685-4561-9C1F-ABFEDD1AC2A9}"
EndProject
Project("{9A19103F-16F7-4668-BE54-9A1E7A4F7556}") = "ClimateExplorer.Core", "ClimateExplorer.Core\ClimateExplorer.Core.csproj", "{8A1367EB-B947-4A4D-8E35-B7832551846B}"
EndProject
Project("{9A19103F-16F7-4668-BE54-9A1E7A4F7556}") = "ClimateExplorer.Web", "ClimateExplorer.Web\ClimateExplorer.Web.csproj", "{C7817987-8CB5-48E7-8914-AEEDB97F7A34}"
EndProject
Project("{9A19103F-16F7-4668-BE54-9A1E7A4F7556}") = "ClimateExplorer.UnitTests", "ClimateExplorer.UnitTests\ClimateExplorer.UnitTests.csproj", "{2BC0FB94-966B-436B-A656-4D76FDD5BA47}"
EndProject
Project("{2150E333-8FDC-42A3-9474-1A3956D46DE8}") = "Solution Items", "Solution Items", "{06FA87FF-8DA0-495C-920B-595F8A2F43FB}"
	ProjectSection(SolutionItems) = preProject
		README.md = README.md
	EndProjectSection
EndProject
Project("{9A19103F-16F7-4668-BE54-9A1E7A4F7556}") = "ClimateExplorer.DataPipeline", "ClimateExplorer.DataPipeline\ClimateExplorer.DataPipeline.csproj", "{2A081DC6-8E29-48A5-B707-F125A6CD4A2A}"
EndProject
Project("{9A19103F-16F7-4668-BE54-9A1E7A4F7556}") = "ClimateExplorer.SourceData", "ClimateExplorer.SourceData\ClimateExplorer.SourceData.csproj", "{5D8E01C7-7265-4D35-AE08-43C91C054E45}"
EndProject
Project("{9A19103F-16F7-4668-BE54-9A1E7A4F7556}") = "ClimateExplorer.AcornSatTransferFunctionAnalysis", "ClimateExplorer.AcornSatTransferFunctionAnalysis\ClimateExplorer.AcornSatTransferFunctionAnalysis.csproj", "{D7A43FF5-A0AF-45D4-BBC3-C67B608A8B02}"
EndProject
Project("{9A19103F-16F7-4668-BE54-9A1E7A4F7556}") = "ClimateExplorer.Web.UiTests", "ClimateExplorer.Web.UiTests\ClimateExplorer.Web.UiTests.csproj", "{89EC7792-0BEA-43F6-837F-D2F47E9479AE}"
EndProject
Project("{9A19103F-16F7-4668-BE54-9A1E7A4F7556}") = "ClimateExplorer.Data.Ghcnm", "ClimateExplorer.Data.Ghcnm\ClimateExplorer.Data.Ghcnm.csproj", "{AD4D1DF4-C395-45EE-963B-DBF549E2370B}"
EndProject
Project("{9A19103F-16F7-4668-BE54-9A1E7A4F7556}") = "ClimateExplorer.Data.IntegratedSurfaceData", "ClimateExplorer.Data.IntegratedSurfaceData\ClimateExplorer.Data.IntegratedSurfaceData.csproj", "{11D3C64B-C3DD-41F6-9CE9-D97C5FB72F51}"
EndProject
Project("{9A19103F-16F7-4668-BE54-9A1E7A4F7556}") = "ClimateExplorer.Data.Ghcnm.Precipitation", "ClimateExplorer.Data.Ghcnm.Precipitation\ClimateExplorer.Data.Ghcnm.Precipitation.csproj", "{2F77C0C5-AB5E-4C04-9722-A5089C1CF23C}"
EndProject
Project("{9A19103F-16F7-4668-BE54-9A1E7A4F7556}") = "DPBlazorMapLibrary", "DPBlazorMapLibrary\DPBlazorMapLibrary.csproj", "{35CBA7BA-5535-408B-A584-CB5466B48C71}"
EndProject
Project("{9A19103F-16F7-4668-BE54-9A1E7A4F7556}") = "ClimateExplorer.Web.Client", "ClimateExplorer.Web.Client\ClimateExplorer.Web.Client.csproj", "{0C963208-7674-4804-84B4-73ECC29049A1}"
EndProject
Project("{9A19103F-16F7-4668-BE54-9A1E7A4F7556}") = "BlazorCurrentDevice", "BlazorCurrentDevice\BlazorCurrentDevice.csproj", "{769941C2-931A-42A7-98FB-C4C60B27D7BE}"
EndProject
Project("{9A19103F-16F7-4668-BE54-9A1E7A4F7556}") = "ClimateExplorer.Data.NoaaGlobalTemp", "ClimateExplorer.Data.NoaaGlobalTemp\ClimateExplorer.Data.NoaaGlobalTemp.csproj", "{A5ED39A9-CC3D-4B49-AE1D-5AFB235E4F4F}"
EndProject
Project("{FAE04EC0-301F-11D3-BF4B-00C04F79EFBC}") = "ClimateExplorer.Data.Bom", "ClimateExplorer.Data.Bom\ClimateExplorer.Data.Bom.csproj", "{806E5DC9-73DD-47A1-805D-638F4BCE06F1}"
EndProject
Project("{FAE04EC0-301F-11D3-BF4B-00C04F79EFBC}") = "ClimateExplorer.Data.Niwa", "ClimateExplorer.Data.Niwa\ClimateExplorer.Data.Niwa.csproj", "{7E293EA2-B1B8-41AA-A8C6-6B703EF3F75B}"
EndProject
Global
	GlobalSection(SolutionConfigurationPlatforms) = preSolution
		Debug|Any CPU = Debug|Any CPU
		Release|Any CPU = Release|Any CPU
	EndGlobalSection
	GlobalSection(ProjectConfigurationPlatforms) = postSolution
		{3E1C678A-776B-4D7E-B6F2-FCE053E94242}.Debug|Any CPU.ActiveCfg = Debug|Any CPU
		{3E1C678A-776B-4D7E-B6F2-FCE053E94242}.Debug|Any CPU.Build.0 = Debug|Any CPU
		{3E1C678A-776B-4D7E-B6F2-FCE053E94242}.Release|Any CPU.ActiveCfg = Release|Any CPU
		{3E1C678A-776B-4D7E-B6F2-FCE053E94242}.Release|Any CPU.Build.0 = Release|Any CPU
		{BE5779FD-C685-4561-9C1F-ABFEDD1AC2A9}.Debug|Any CPU.ActiveCfg = Debug|Any CPU
		{BE5779FD-C685-4561-9C1F-ABFEDD1AC2A9}.Debug|Any CPU.Build.0 = Debug|Any CPU
		{BE5779FD-C685-4561-9C1F-ABFEDD1AC2A9}.Release|Any CPU.ActiveCfg = Release|Any CPU
		{BE5779FD-C685-4561-9C1F-ABFEDD1AC2A9}.Release|Any CPU.Build.0 = Release|Any CPU
		{8A1367EB-B947-4A4D-8E35-B7832551846B}.Debug|Any CPU.ActiveCfg = Debug|Any CPU
		{8A1367EB-B947-4A4D-8E35-B7832551846B}.Debug|Any CPU.Build.0 = Debug|Any CPU
		{8A1367EB-B947-4A4D-8E35-B7832551846B}.Release|Any CPU.ActiveCfg = Release|Any CPU
		{8A1367EB-B947-4A4D-8E35-B7832551846B}.Release|Any CPU.Build.0 = Release|Any CPU
		{C7817987-8CB5-48E7-8914-AEEDB97F7A34}.Debug|Any CPU.ActiveCfg = Debug|Any CPU
		{C7817987-8CB5-48E7-8914-AEEDB97F7A34}.Debug|Any CPU.Build.0 = Debug|Any CPU
		{C7817987-8CB5-48E7-8914-AEEDB97F7A34}.Release|Any CPU.ActiveCfg = Release|Any CPU
		{C7817987-8CB5-48E7-8914-AEEDB97F7A34}.Release|Any CPU.Build.0 = Release|Any CPU
		{2BC0FB94-966B-436B-A656-4D76FDD5BA47}.Debug|Any CPU.ActiveCfg = Debug|Any CPU
		{2BC0FB94-966B-436B-A656-4D76FDD5BA47}.Debug|Any CPU.Build.0 = Debug|Any CPU
		{2BC0FB94-966B-436B-A656-4D76FDD5BA47}.Release|Any CPU.ActiveCfg = Release|Any CPU
		{2BC0FB94-966B-436B-A656-4D76FDD5BA47}.Release|Any CPU.Build.0 = Release|Any CPU
		{2A081DC6-8E29-48A5-B707-F125A6CD4A2A}.Debug|Any CPU.ActiveCfg = Debug|Any CPU
		{2A081DC6-8E29-48A5-B707-F125A6CD4A2A}.Debug|Any CPU.Build.0 = Debug|Any CPU
		{2A081DC6-8E29-48A5-B707-F125A6CD4A2A}.Release|Any CPU.ActiveCfg = Release|Any CPU
		{2A081DC6-8E29-48A5-B707-F125A6CD4A2A}.Release|Any CPU.Build.0 = Release|Any CPU
		{5D8E01C7-7265-4D35-AE08-43C91C054E45}.Debug|Any CPU.ActiveCfg = Debug|Any CPU
		{5D8E01C7-7265-4D35-AE08-43C91C054E45}.Debug|Any CPU.Build.0 = Debug|Any CPU
		{5D8E01C7-7265-4D35-AE08-43C91C054E45}.Release|Any CPU.ActiveCfg = Release|Any CPU
		{5D8E01C7-7265-4D35-AE08-43C91C054E45}.Release|Any CPU.Build.0 = Release|Any CPU
		{D7A43FF5-A0AF-45D4-BBC3-C67B608A8B02}.Debug|Any CPU.ActiveCfg = Debug|Any CPU
		{D7A43FF5-A0AF-45D4-BBC3-C67B608A8B02}.Debug|Any CPU.Build.0 = Debug|Any CPU
		{D7A43FF5-A0AF-45D4-BBC3-C67B608A8B02}.Release|Any CPU.ActiveCfg = Release|Any CPU
		{D7A43FF5-A0AF-45D4-BBC3-C67B608A8B02}.Release|Any CPU.Build.0 = Release|Any CPU
		{89EC7792-0BEA-43F6-837F-D2F47E9479AE}.Debug|Any CPU.ActiveCfg = Debug|Any CPU
		{89EC7792-0BEA-43F6-837F-D2F47E9479AE}.Debug|Any CPU.Build.0 = Debug|Any CPU
		{89EC7792-0BEA-43F6-837F-D2F47E9479AE}.Release|Any CPU.ActiveCfg = Release|Any CPU
		{89EC7792-0BEA-43F6-837F-D2F47E9479AE}.Release|Any CPU.Build.0 = Release|Any CPU
		{AD4D1DF4-C395-45EE-963B-DBF549E2370B}.Debug|Any CPU.ActiveCfg = Debug|Any CPU
		{AD4D1DF4-C395-45EE-963B-DBF549E2370B}.Debug|Any CPU.Build.0 = Debug|Any CPU
		{AD4D1DF4-C395-45EE-963B-DBF549E2370B}.Release|Any CPU.ActiveCfg = Release|Any CPU
		{AD4D1DF4-C395-45EE-963B-DBF549E2370B}.Release|Any CPU.Build.0 = Release|Any CPU
		{11D3C64B-C3DD-41F6-9CE9-D97C5FB72F51}.Debug|Any CPU.ActiveCfg = Debug|Any CPU
		{11D3C64B-C3DD-41F6-9CE9-D97C5FB72F51}.Debug|Any CPU.Build.0 = Debug|Any CPU
		{11D3C64B-C3DD-41F6-9CE9-D97C5FB72F51}.Release|Any CPU.ActiveCfg = Release|Any CPU
		{11D3C64B-C3DD-41F6-9CE9-D97C5FB72F51}.Release|Any CPU.Build.0 = Release|Any CPU
		{2F77C0C5-AB5E-4C04-9722-A5089C1CF23C}.Debug|Any CPU.ActiveCfg = Debug|Any CPU
		{2F77C0C5-AB5E-4C04-9722-A5089C1CF23C}.Debug|Any CPU.Build.0 = Debug|Any CPU
		{2F77C0C5-AB5E-4C04-9722-A5089C1CF23C}.Release|Any CPU.ActiveCfg = Release|Any CPU
		{2F77C0C5-AB5E-4C04-9722-A5089C1CF23C}.Release|Any CPU.Build.0 = Release|Any CPU
		{35CBA7BA-5535-408B-A584-CB5466B48C71}.Debug|Any CPU.ActiveCfg = Debug|Any CPU
		{35CBA7BA-5535-408B-A584-CB5466B48C71}.Debug|Any CPU.Build.0 = Debug|Any CPU
		{35CBA7BA-5535-408B-A584-CB5466B48C71}.Release|Any CPU.ActiveCfg = Release|Any CPU
		{35CBA7BA-5535-408B-A584-CB5466B48C71}.Release|Any CPU.Build.0 = Release|Any CPU
		{0C963208-7674-4804-84B4-73ECC29049A1}.Debug|Any CPU.ActiveCfg = Debug|Any CPU
		{0C963208-7674-4804-84B4-73ECC29049A1}.Debug|Any CPU.Build.0 = Debug|Any CPU
		{0C963208-7674-4804-84B4-73ECC29049A1}.Release|Any CPU.ActiveCfg = Release|Any CPU
		{0C963208-7674-4804-84B4-73ECC29049A1}.Release|Any CPU.Build.0 = Release|Any CPU
		{769941C2-931A-42A7-98FB-C4C60B27D7BE}.Debug|Any CPU.ActiveCfg = Debug|Any CPU
		{769941C2-931A-42A7-98FB-C4C60B27D7BE}.Debug|Any CPU.Build.0 = Debug|Any CPU
		{769941C2-931A-42A7-98FB-C4C60B27D7BE}.Release|Any CPU.ActiveCfg = Release|Any CPU
		{769941C2-931A-42A7-98FB-C4C60B27D7BE}.Release|Any CPU.Build.0 = Release|Any CPU
		{A5ED39A9-CC3D-4B49-AE1D-5AFB235E4F4F}.Debug|Any CPU.ActiveCfg = Debug|Any CPU
		{A5ED39A9-CC3D-4B49-AE1D-5AFB235E4F4F}.Debug|Any CPU.Build.0 = Debug|Any CPU
		{A5ED39A9-CC3D-4B49-AE1D-5AFB235E4F4F}.Release|Any CPU.ActiveCfg = Release|Any CPU
		{A5ED39A9-CC3D-4B49-AE1D-5AFB235E4F4F}.Release|Any CPU.Build.0 = Release|Any CPU
		{806E5DC9-73DD-47A1-805D-638F4BCE06F1}.Debug|Any CPU.ActiveCfg = Debug|Any CPU
		{806E5DC9-73DD-47A1-805D-638F4BCE06F1}.Debug|Any CPU.Build.0 = Debug|Any CPU
		{806E5DC9-73DD-47A1-805D-638F4BCE06F1}.Release|Any CPU.ActiveCfg = Release|Any CPU
		{806E5DC9-73DD-47A1-805D-638F4BCE06F1}.Release|Any CPU.Build.0 = Release|Any CPU
		{7E293EA2-B1B8-41AA-A8C6-6B703EF3F75B}.Debug|Any CPU.ActiveCfg = Debug|Any CPU
		{7E293EA2-B1B8-41AA-A8C6-6B703EF3F75B}.Debug|Any CPU.Build.0 = Debug|Any CPU
		{7E293EA2-B1B8-41AA-A8C6-6B703EF3F75B}.Release|Any CPU.ActiveCfg = Release|Any CPU
		{7E293EA2-B1B8-41AA-A8C6-6B703EF3F75B}.Release|Any CPU.Build.0 = Release|Any CPU
	EndGlobalSection
	GlobalSection(SolutionProperties) = preSolution
		HideSolutionNode = FALSE
	EndGlobalSection
	GlobalSection(ExtensibilityGlobals) = postSolution
		SolutionGuid = {4F67DF1E-4405-495A-9FC1-1408F179D95C}
	EndGlobalSection
EndGlobal
